
Microsoft Visual Studio Solution File, Format Version 12.00
# Visual Studio Version 16
VisualStudioVersion = 16.0.31613.86
MinimumVisualStudioVersion = 10.0.40219.1
Project("{888888A0-9F3D-457C-B088-3A5042F75D52}") = "newtft", "newtft.pyproj", "{513BE8FD-4A27-4FBA-808A-DDC13A6E6D4D}"
EndProject
Global
	GlobalSection(SolutionConfigurationPlatforms) = preSolution
		Debug|Any CPU = Debug|Any CPU
		Release|Any CPU = Release|Any CPU
	EndGlobalSection
	GlobalSection(ProjectConfigurationPlatforms) = postSolution
		{513BE8FD-4A27-4FBA-808A-DDC13A6E6D4D}.Debug|Any CPU.ActiveCfg = Debug|Any CPU
		{513BE8FD-4A27-4FBA-808A-DDC13A6E6D4D}.Release|Any CPU.ActiveCfg = Release|Any CPU
	EndGlobalSection
	GlobalSection(SolutionProperties) = preSolution
		HideSolutionNode = FALSE
	EndGlobalSection
	GlobalSection(ExtensibilityGlobals) = postSolution
		SolutionGuid = {14226340-C9D4-4FAF-9DB4-4E3499CBA611}
	EndGlobalSection
EndGlobal
